
Microsoft Visual Studio Solution File, Format Version 12.00
# Visual Studio Version 16
VisualStudioVersion = 16.0.30320.27
MinimumVisualStudioVersion = 10.0.40219.1
Project("{9A19103F-16F7-4668-BE54-9A1E7A4F7556}") = "day01", "day01\day01.csproj", "{4933CB03-966F-417E-B278-7AEDB29C1EA9}"
EndProject
Project("{9A19103F-16F7-4668-BE54-9A1E7A4F7556}") = "day02", "day02\day02.csproj", "{CD77EC81-51FB-4CFD-8298-CBDB618E8CD5}"
EndProject
Project("{9A19103F-16F7-4668-BE54-9A1E7A4F7556}") = "day03", "day03\day03.csproj", "{F6DF521C-692B-4E00-9CC7-7D9070983FCE}"
EndProject
Project("{9A19103F-16F7-4668-BE54-9A1E7A4F7556}") = "day04", "day04\day04.csproj", "{6133F4DE-1584-41E8-87AB-194A6925D96F}"
EndProject
Project("{9A19103F-16F7-4668-BE54-9A1E7A4F7556}") = "day05", "day05\day05.csproj", "{13E7DC79-D033-49EB-B733-4F1017840984}"
EndProject
Project("{9A19103F-16F7-4668-BE54-9A1E7A4F7556}") = "day06", "day06\day06.csproj", "{984C15A3-C337-4FC1-8532-D1C0932808F9}"
EndProject
Project("{9A19103F-16F7-4668-BE54-9A1E7A4F7556}") = "day07", "day07\day07.csproj", "{9C95D14D-DE54-4629-AD18-02E61E30E63D}"
EndProject
Project("{FAE04EC0-301F-11D3-BF4B-00C04F79EFBC}") = "day08", "day08\day08.csproj", "{FBEF09F5-3ED1-46DE-8463-E6776D62770E}"
EndProject
Project("{FAE04EC0-301F-11D3-BF4B-00C04F79EFBC}") = "day09", "day09\day09.csproj", "{CC5F8C8E-6B99-45B4-B921-05B48585CADF}"
EndProject
Global
	GlobalSection(SolutionConfigurationPlatforms) = preSolution
		Debug|Any CPU = Debug|Any CPU
		Release|Any CPU = Release|Any CPU
	EndGlobalSection
	GlobalSection(ProjectConfigurationPlatforms) = postSolution
		{4933CB03-966F-417E-B278-7AEDB29C1EA9}.Debug|Any CPU.ActiveCfg = Debug|Any CPU
		{4933CB03-966F-417E-B278-7AEDB29C1EA9}.Debug|Any CPU.Build.0 = Debug|Any CPU
		{4933CB03-966F-417E-B278-7AEDB29C1EA9}.Release|Any CPU.ActiveCfg = Release|Any CPU
		{4933CB03-966F-417E-B278-7AEDB29C1EA9}.Release|Any CPU.Build.0 = Release|Any CPU
		{CD77EC81-51FB-4CFD-8298-CBDB618E8CD5}.Debug|Any CPU.ActiveCfg = Debug|Any CPU
		{CD77EC81-51FB-4CFD-8298-CBDB618E8CD5}.Debug|Any CPU.Build.0 = Debug|Any CPU
		{CD77EC81-51FB-4CFD-8298-CBDB618E8CD5}.Release|Any CPU.ActiveCfg = Release|Any CPU
		{CD77EC81-51FB-4CFD-8298-CBDB618E8CD5}.Release|Any CPU.Build.0 = Release|Any CPU
		{F6DF521C-692B-4E00-9CC7-7D9070983FCE}.Debug|Any CPU.ActiveCfg = Debug|Any CPU
		{F6DF521C-692B-4E00-9CC7-7D9070983FCE}.Debug|Any CPU.Build.0 = Debug|Any CPU
		{F6DF521C-692B-4E00-9CC7-7D9070983FCE}.Release|Any CPU.ActiveCfg = Release|Any CPU
		{F6DF521C-692B-4E00-9CC7-7D9070983FCE}.Release|Any CPU.Build.0 = Release|Any CPU
		{6133F4DE-1584-41E8-87AB-194A6925D96F}.Debug|Any CPU.ActiveCfg = Debug|Any CPU
		{6133F4DE-1584-41E8-87AB-194A6925D96F}.Debug|Any CPU.Build.0 = Debug|Any CPU
		{6133F4DE-1584-41E8-87AB-194A6925D96F}.Release|Any CPU.ActiveCfg = Release|Any CPU
		{6133F4DE-1584-41E8-87AB-194A6925D96F}.Release|Any CPU.Build.0 = Release|Any CPU
		{13E7DC79-D033-49EB-B733-4F1017840984}.Debug|Any CPU.ActiveCfg = Debug|Any CPU
		{13E7DC79-D033-49EB-B733-4F1017840984}.Debug|Any CPU.Build.0 = Debug|Any CPU
		{13E7DC79-D033-49EB-B733-4F1017840984}.Release|Any CPU.ActiveCfg = Release|Any CPU
		{13E7DC79-D033-49EB-B733-4F1017840984}.Release|Any CPU.Build.0 = Release|Any CPU
		{984C15A3-C337-4FC1-8532-D1C0932808F9}.Debug|Any CPU.ActiveCfg = Debug|Any CPU
		{984C15A3-C337-4FC1-8532-D1C0932808F9}.Debug|Any CPU.Build.0 = Debug|Any CPU
		{984C15A3-C337-4FC1-8532-D1C0932808F9}.Release|Any CPU.ActiveCfg = Release|Any CPU
		{984C15A3-C337-4FC1-8532-D1C0932808F9}.Release|Any CPU.Build.0 = Release|Any CPU
		{9C95D14D-DE54-4629-AD18-02E61E30E63D}.Debug|Any CPU.ActiveCfg = Debug|Any CPU
		{9C95D14D-DE54-4629-AD18-02E61E30E63D}.Debug|Any CPU.Build.0 = Debug|Any CPU
		{9C95D14D-DE54-4629-AD18-02E61E30E63D}.Release|Any CPU.ActiveCfg = Release|Any CPU
		{9C95D14D-DE54-4629-AD18-02E61E30E63D}.Release|Any CPU.Build.0 = Release|Any CPU
		{FBEF09F5-3ED1-46DE-8463-E6776D62770E}.Debug|Any CPU.ActiveCfg = Debug|Any CPU
		{FBEF09F5-3ED1-46DE-8463-E6776D62770E}.Debug|Any CPU.Build.0 = Debug|Any CPU
		{FBEF09F5-3ED1-46DE-8463-E6776D62770E}.Release|Any CPU.ActiveCfg = Release|Any CPU
		{FBEF09F5-3ED1-46DE-8463-E6776D62770E}.Release|Any CPU.Build.0 = Release|Any CPU
		{CC5F8C8E-6B99-45B4-B921-05B48585CADF}.Debug|Any CPU.ActiveCfg = Debug|Any CPU
		{CC5F8C8E-6B99-45B4-B921-05B48585CADF}.Debug|Any CPU.Build.0 = Debug|Any CPU
		{CC5F8C8E-6B99-45B4-B921-05B48585CADF}.Release|Any CPU.ActiveCfg = Release|Any CPU
		{CC5F8C8E-6B99-45B4-B921-05B48585CADF}.Release|Any CPU.Build.0 = Release|Any CPU
	EndGlobalSection
	GlobalSection(SolutionProperties) = preSolution
		HideSolutionNode = FALSE
	EndGlobalSection
	GlobalSection(ExtensibilityGlobals) = postSolution
		SolutionGuid = {364DD2B1-0E1E-4BFC-BAC8-39FE2105C0F9}
	EndGlobalSection
EndGlobal
